Microsoft Visual Studio Solution File, Format Version 12.00
# Visual Studio Version 17
VisualStudioVersion = 17.5.2.0
MinimumVisualStudioVersion = 10.0.40219.1
Project("{FAE04EC0-301F-11D3-BF4B-00C04F79EFBC}") = "MonitorB3", "MonitorB3\MonitorB3.csproj", "{94144C37-B357-220B-835D-E31A3A40D7E3}"
EndProject
Global
	GlobalSection(SolutionConfigurationPlatforms) = preSolution
		Debug|Any CPU = Debug|Any CPU
		Release|Any CPU = Release|Any CPU
	EndGlobalSection
	GlobalSection(ProjectConfigurationPlatforms) = postSolution
		{94144C37-B357-220B-835D-E31A3A40D7E3}.Debug|Any CPU.ActiveCfg = Debug|Any CPU
		{94144C37-B357-220B-835D-E31A3A40D7E3}.Debug|Any CPU.Build.0 = Debug|Any CPU
		{94144C37-B357-220B-835D-E31A3A40D7E3}.Release|Any CPU.ActiveCfg = Release|Any CPU
		{94144C37-B357-220B-835D-E31A3A40D7E3}.Release|Any CPU.Build.0 = Release|Any CPU
	EndGlobalSection
	GlobalSection(SolutionProperties) = preSolution
		HideSolutionNode = FALSE
	EndGlobalSection
	GlobalSection(ExtensibilityGlobals) = postSolution
		SolutionGuid = {29861C12-2167-4781-92EE-067937765B7A}
	EndGlobalSection
EndGlobal
